
Microsoft Visual Studio Solution File, Format Version 12.00
# Visual Studio Version 17
VisualStudioVersion = 17.8.34525.116
MinimumVisualStudioVersion = 10.0.40219.1
Project("{FAE04EC0-301F-11D3-BF4B-00C04F79EFBC}") = "PSP01_TE01_Cliente", "PSP01_TE01_Cliente.csproj", "{E7CA2A73-332D-4870-A50A-CE2457CBBB43}"
EndProject
Project("{FAE04EC0-301F-11D3-BF4B-00C04F79EFBC}") = "PSP01_TE01_Servidor", "..\PSP01_TE01_Servidor\PSP01_TE01_Servidor.csproj", "{CDC65C57-7BEF-4975-AA80-7C7E6ECAEBF5}"
EndProject
Global
	GlobalSection(SolutionConfigurationPlatforms) = preSolution
		Debug|Any CPU = Debug|Any CPU
		Release|Any CPU = Release|Any CPU
	EndGlobalSection
	GlobalSection(ProjectConfigurationPlatforms) = postSolution
		{E7CA2A73-332D-4870-A50A-CE2457CBBB43}.Debug|Any CPU.ActiveCfg = Debug|Any CPU
		{E7CA2A73-332D-4870-A50A-CE2457CBBB43}.Debug|Any CPU.Build.0 = Debug|Any CPU
		{E7CA2A73-332D-4870-A50A-CE2457CBBB43}.Release|Any CPU.ActiveCfg = Release|Any CPU
		{E7CA2A73-332D-4870-A50A-CE2457CBBB43}.Release|Any CPU.Build.0 = Release|Any CPU
		{CDC65C57-7BEF-4975-AA80-7C7E6ECAEBF5}.Debug|Any CPU.ActiveCfg = Debug|Any CPU
		{CDC65C57-7BEF-4975-AA80-7C7E6ECAEBF5}.Debug|Any CPU.Build.0 = Debug|Any CPU
		{CDC65C57-7BEF-4975-AA80-7C7E6ECAEBF5}.Release|Any CPU.ActiveCfg = Release|Any CPU
		{CDC65C57-7BEF-4975-AA80-7C7E6ECAEBF5}.Release|Any CPU.Build.0 = Release|Any CPU
	EndGlobalSection
	GlobalSection(SolutionProperties) = preSolution
		HideSolutionNode = FALSE
	EndGlobalSection
	GlobalSection(ExtensibilityGlobals) = postSolution
		SolutionGuid = {77B2FD26-37BE-47A0-BE53-C52C75FA4728}
	EndGlobalSection
EndGlobal
